github.com/kalbasit/dep-a/v2 v2.0.0-20190314180722-54a587f9be50 h1:/NH+yFERSotihBvTgHHhaQBPfh0Y5uENKXVyWQoKC84=
github.com/kalbasit/dep-a/v2 v2.0.0-20190314180722-54a587f9be50/go.mod h1:s7I7Ua7qw3O/N8wZMJwMZWsr+IVCjUPd/7YyoB4vni4=
github.com/kalbasit/dep-b/v2 v2.0.0-20190314181000-6658a55ce9a1 h1:yYRn2fuusVHahm0+KjtvBuo9B2ySiRvQx2GxspwwDK4=
github.com/kalbasit/dep-b/v2 v2.0.0-20190314181000-6658a55ce9a1/go.mod h1:iJ3AiqrGi/OSBQ2zrVijWFVRo9uTX6IIpOEzG84IOjQ=
